// !$*UTF8*$!
{
	archiveVersion = 1;
	classes = {
	};
	objectVersion = 77;
	objects = {

/* Begin PBXBuildFile section */
		AB4068202F09779C00A917A2 /* CyberdeckLoginWatch Watch App.app in Embed Watch Content */ = {isa = PBXBuildFile; fileRef = AB4068132F09779A00A917A2 /* CyberdeckLoginWatch Watch App.app */; settings = {ATTRIBUTES = (RemoveHeadersOnCopy, ); }; };
		AB4068362F09788400A917A2 /* ENTERPRISE_DISTRIBUTION.md in Sources */ = {isa = PBXBuildFile; fileRef = AB4068352F09787A00A917A2 /* ENTERPRISE_DISTRIBUTION.md */; };
/* End PBXBuildFile section */

/* Begin PBXContainerItemProxy section */
		AB40681E2F09779C00A917A2 /* PBXContainerItemProxy */ = {
			isa = PBXContainerItemProxy;
			containerPortal = AB4067D02F09272400A917A2 /* Project object */;
			proxyType = 1;
			remoteGlobalIDString = AB4068122F09779A00A917A2;
			remoteInfo = "CyberdeckLoginWatch Watch App";
		};
/* End PBXContainerItemProxy section */

/* Begin PBXCopyFilesBuildPhase section */
		AB4068242F09779C00A917A2 /* Embed Watch Content */ = {
			isa = PBXCopyFilesBuildPhase;
			buildActionMask = 2147483647;
			dstPath = "$(CONTENTS_FOLDER_PATH)/Watch";
			dstSubfolderSpec = 16;
			files = (
				AB4068202F09779C00A917A2 /* CyberdeckLoginWatch Watch App.app in Embed Watch Content */,
			);
			name = "Embed Watch Content";
			runOnlyForDeploymentPostprocessing = 0;
		};
/* End PBXCopyFilesBuildPhase section */

/* Begin PBXFileReference section */
		AB4067D82F09272400A917A2 /* CyberdeckLogin.app */ = {isa = PBXFileReference; explicitFileType = wrapper.application; includeInIndex = 0; path = CyberdeckLogin.app; sourceTree = BUILT_PRODUCTS_DIR; };
		AB4068132F09779A00A917A2 /* CyberdeckLoginWatch Watch App.app */ = {isa = PBXFileReference; explicitFileType = wrapper.application; includeInIndex = 0; path = "CyberdeckLoginWatch Watch App.app"; sourceTree = BUILT_PRODUCTS_DIR; };
		AB4068352F09787A00A917A2 /* ENTERPRISE_DISTRIBUTION.md */ = {isa = PBXFileReference; lastKnownFileType = net.daringfireball.markdown; path = ENTERPRISE_DISTRIBUTION.md; sourceTree = "<group>"; };
/* End PBXFileReference section */

/* Begin PBXFileSystemSynchronizedBuildFileExceptionSet section */
		AB4068312F09784600A917A2 /* Exceptions for "CyberdeckLoginWatch Watch App" folder in "CyberdeckLogin" target */ = {
			isa = PBXFileSystemSynchronizedBuildFileExceptionSet;
			membershipExceptions = (
				WatchDevice.swift,
			);
			target = AB4067D72F09272400A917A2 /* CyberdeckLogin */;
		};
		AB4068322F09784600A917A2 /* Exceptions for "CyberdeckLoginWatch Watch App" folder in "CyberdeckLoginWatch Watch App" target */ = {
			isa = PBXFileSystemSynchronizedBuildFileExceptionSet;
			membershipExceptions = (
				SETUP.md,
			);
			target = AB4068122F09779A00A917A2 /* CyberdeckLoginWatch Watch App */;
		};
		AB4068432F098B5000A917A2 /* Exceptions for "CyberdeckLogin" folder in "CyberdeckLogin" target */ = {
			isa = PBXFileSystemSynchronizedBuildFileExceptionSet;
			membershipExceptions = (
				Info.plist,
			);
			target = AB4067D72F09272400A917A2 /* CyberdeckLogin */;
		};
/* End PBXFileSystemSynchronizedBuildFileExceptionSet section */

/* Begin PBXFileSystemSynchronizedGroupBuildPhaseMembershipExceptionSet section */
		AB4068392F0978B000A917A2 /* Exceptions for "CyberdeckLoginWatch Watch App" folder in "Compile Sources" phase from "CyberdeckLoginWatch Watch App" target */ = {
			isa = PBXFileSystemSynchronizedGroupBuildPhaseMembershipExceptionSet;
			buildPhase = AB40680F2F09779A00A917A2 /* Sources */;
			membershipExceptions = (
				SETUP.md,
			);
		};
/* End PBXFileSystemSynchronizedGroupBuildPhaseMembershipExceptionSet section */

/* Begin PBXFileSystemSynchronizedRootGroup section */
		AB4067DA2F09272400A917A2 /* CyberdeckLogin */ = {
			isa = PBXFileSystemSynchronizedRootGroup;
			exceptions = (
				AB4068432F098B5000A917A2 /* Exceptions for "CyberdeckLogin" folder in "CyberdeckLogin" target */,
			);
			path = CyberdeckLogin;
			sourceTree = "<group>";
		};
		AB4068142F09779A00A917A2 /* CyberdeckLoginWatch Watch App */ = {
			isa = PBXFileSystemSynchronizedRootGroup;
			exceptions = (
				AB4068312F09784600A917A2 /* Exceptions for "CyberdeckLoginWatch Watch App" folder in "CyberdeckLogin" target */,
				AB4068322F09784600A917A2 /* Exceptions for "CyberdeckLoginWatch Watch App" folder in "CyberdeckLoginWatch Watch App" target */,
				AB4068392F0978B000A917A2 /* Exceptions for "CyberdeckLoginWatch Watch App" folder in "Compile Sources" phase from "CyberdeckLoginWatch Watch App" target */,
			);
			path = "CyberdeckLoginWatch Watch App";
			sourceTree = "<group>";
		};
/* End PBXFileSystemSynchronizedRootGroup section */

/* Begin PBXFrameworksBuildPhase section */
		AB4067D52F09272400A917A2 /* Frameworks */ = {
			isa = PBXFrameworksBuildPhase;
			buildActionMask = 2147483647;
			files = (
			);
			runOnlyForDeploymentPostprocessing = 0;
		};
		AB4068102F09779A00A917A2 /* Frameworks */ = {
			isa = PBXFrameworksBuildPhase;
			buildActionMask = 2147483647;
			files = (
			);
			runOnlyForDeploymentPostprocessing = 0;
		};
/* End PBXFrameworksBuildPhase section */

/* Begin PBXGroup section */
		AB4067CF2F09272400A917A2 = {
			isa = PBXGroup;
			children = (
				AB4068352F09787A00A917A2 /* ENTERPRISE_DISTRIBUTION.md */,
				AB4067DA2F09272400A917A2 /* CyberdeckLogin */,
				AB4068142F09779A00A917A2 /* CyberdeckLoginWatch Watch App */,
				AB4067D92F09272400A917A2 /* Products */,
			);
			sourceTree = "<group>";
		};
		AB4067D92F09272400A917A2 /* Products */ = {
			isa = PBXGroup;
			children = (
				AB4067D82F09272400A917A2 /* CyberdeckLogin.app */,
				AB4068132F09779A00A917A2 /* CyberdeckLoginWatch Watch App.app */,
			);
			name = Products;
			sourceTree = "<group>";
		};
/* End PBXGroup section */

/* Begin PBXNativeTarget section */
		AB4067D72F09272400A917A2 /* CyberdeckLogin */ = {
			isa = PBXNativeTarget;
			buildConfigurationList = AB4067E62F09272500A917A2 /* Build configuration list for PBXNativeTarget "CyberdeckLogin" */;
			buildPhases = (
				AB4067D42F09272400A917A2 /* Sources */,
				AB4067D52F09272400A917A2 /* Frameworks */,
				AB4067D62F09272400A917A2 /* Resources */,
				AB4068242F09779C00A917A2 /* Embed Watch Content */,
			);
			buildRules = (
			);
			dependencies = (
				AB40681F2F09779C00A917A2 /* PBXTargetDependency */,
			);
			fileSystemSynchronizedGroups = (
				AB4067DA2F09272400A917A2 /* CyberdeckLogin */,
			);
			name = CyberdeckLogin;
			packageProductDependencies = (
			);
			productName = CyberdeckLogin;
			productReference = AB4067D82F09272400A917A2 /* CyberdeckLogin.app */;
			productType = "com.apple.product-type.application";
		};
		AB4068122F09779A00A917A2 /* CyberdeckLoginWatch Watch App */ = {
			isa = PBXNativeTarget;
			buildConfigurationList = AB4068212F09779C00A917A2 /* Build configuration list for PBXNativeTarget "CyberdeckLoginWatch Watch App" */;
			buildPhases = (
				AB40680F2F09779A00A917A2 /* Sources */,
				AB4068102F09779A00A917A2 /* Frameworks */,
				AB4068112F09779A00A917A2 /* Resources */,
			);
			buildRules = (
			);
			dependencies = (
			);
			fileSystemSynchronizedGroups = (
				AB4068142F09779A00A917A2 /* CyberdeckLoginWatch Watch App */,
			);
			name = "CyberdeckLoginWatch Watch App";
			packageProductDependencies = (
			);
			productName = "CyberdeckLoginWatch Watch App";
			productReference = AB4068132F09779A00A917A2 /* CyberdeckLoginWatch Watch App.app */;
			productType = "com.apple.product-type.application";
		};
/* End PBXNativeTarget section */

/* Begin PBXProject section */
		AB4067D02F09272400A917A2 /* Project object */ = {
			isa = PBXProject;
			attributes = {
				BuildIndependentTargetsInParallel = 1;
				LastSwiftUpdateCheck = 1610;
				LastUpgradeCheck = 1610;
				TargetAttributes = {
					AB4067D72F09272400A917A2 = {
						CreatedOnToolsVersion = 16.1;
					};
					AB4068122F09779A00A917A2 = {
						CreatedOnToolsVersion = 16.1;
					};
				};
			};
			buildConfigurationList = AB4067D32F09272400A917A2 /* Build configuration list for PBXProject "CyberdeckLogin" */;
			developmentRegion = en;
			hasScannedForEncodings = 0;
			knownRegions = (
				en,
				Base,
			);
			mainGroup = AB4067CF2F09272400A917A2;
			minimizedProjectReferenceProxies = 1;
			preferredProjectObjectVersion = 77;
			productRefGroup = AB4067D92F09272400A917A2 /* Products */;
			projectDirPath = "";
			projectRoot = "";
			targets = (
				AB4067D72F09272400A917A2 /* CyberdeckLogin */,
				AB4068122F09779A00A917A2 /* CyberdeckLoginWatch Watch App */,
			);
		};
/* End PBXProject section */

/* Begin PBXResourcesBuildPhase section */
		AB4067D62F09272400A917A2 /* Resources */ = {
			isa = PBXResourcesBuildPhase;
			buildActionMask = 2147483647;
			files = (
			);
			runOnlyForDeploymentPostprocessing = 0;
		};
		AB4068112F09779A00A917A2 /* Resources */ = {
			isa = PBXResourcesBuildPhase;
			buildActionMask = 2147483647;
			files = (
			);
			runOnlyForDeploymentPostprocessing = 0;
		};
/* End PBXResourcesBuildPhase section */

/* Begin PBXSourcesBuildPhase section */
		AB4067D42F09272400A917A2 /* Sources */ = {
			isa = PBXSourcesBuildPhase;
			buildActionMask = 2147483647;
			files = (
				AB4068362F09788400A917A2 /* ENTERPRISE_DISTRIBUTION.md in Sources */,
			);
			runOnlyForDeploymentPostprocessing = 0;
		};
		AB40680F2F09779A00A917A2 /* Sources */ = {
			isa = PBXSourcesBuildPhase;
			buildActionMask = 2147483647;
			files = (
			);
			runOnlyForDeploymentPostprocessing = 0;
		};
/* End PBXSourcesBuildPhase section */

/* Begin PBXTargetDependency section */
		AB40681F2F09779C00A917A2 /* PBXTargetDependency */ = {
			isa = PBXTargetDependency;
			target = AB4068122F09779A00A917A2 /* CyberdeckLoginWatch Watch App */;
			targetProxy = AB40681E2F09779C00A917A2 /* PBXContainerItemProxy */;
		};
/* End PBXTargetDependency section */

/* Begin XCBuildConfiguration section */
		AB4067E42F09272500A917A2 /* Debug */ = {
			isa = XCBuildConfiguration;
			buildSettings = {
				ALWAYS_SEARCH_USER_PATHS = NO;
				ASSETCATALOG_COMPILER_GENERATE_SWIFT_ASSET_SYMBOL_EXTENSIONS = YES;
				CLANG_ANALYZER_NONNULL = YES;
				CLANG_ANALYZER_NUMBER_OBJECT_CONVERSION = YES_AGGRESSIVE;
				CLANG_CXX_LANGUAGE_STANDARD = "gnu++20";
				CLANG_ENABLE_MODULES = YES;
				CLANG_ENABLE_OBJC_ARC = YES;
				CLANG_ENABLE_OBJC_WEAK = YES;
				CLANG_WARN_BLOCK_CAPTURE_AUTORELEASING = YES;
				CLANG_WARN_BOOL_CONVERSION = YES;
				CLANG_WARN_COMMA = YES;
				CLANG_WARN_CONSTANT_CONVERSION = YES;
				CLANG_WARN_DEPRECATED_OBJC_IMPLEMENTATIONS = YES;
				CLANG_WARN_DIRECT_OBJC_ISA_USAGE = YES_ERROR;
				CLANG_WARN_DOCUMENTATION_COMMENTS = YES;
				CLANG_WARN_EMPTY_BODY = YES;
				CLANG_WARN_ENUM_CONVERSION = YES;
				CLANG_WARN_INFINITE_RECURSION = YES;
				CLANG_WARN_INT_CONVERSION = YES;
				CLANG_WARN_NON_LITERAL_NULL_CONVERSION = YES;
				CLANG_WARN_OBJC_IMPLICIT_RETAIN_SELF = YES;
				CLANG_WARN_OBJC_LITERAL_CONVERSION = YES;
				CLANG_WARN_OBJC_ROOT_CLASS = YES_ERROR;
				CLANG_WARN_QUOTED_INCLUDE_IN_FRAMEWORK_HEADER = YES;
				CLANG_WARN_RANGE_LOOP_ANALYSIS = YES;
				CLANG_WARN_STRICT_PROTOTYPES = YES;
				CLANG_WARN_SUSPICIOUS_MOVE = YES;
				CLANG_WARN_UNGUARDED_AVAILABILITY = YES_AGGRESSIVE;
				CLANG_WARN_UNREACHABLE_CODE = YES;
				CLANG_WARN__DUPLICATE_METHOD_MATCH = YES;
				COPY_PHASE_STRIP = NO;
				DEBUG_INFORMATION_FORMAT = dwarf;
				ENABLE_STRICT_OBJC_MSGSEND = YES;
				ENABLE_TESTABILITY = YES;
				ENABLE_USER_SCRIPT_SANDBOXING = YES;
				GCC_C_LANGUAGE_STANDARD = gnu17;
				GCC_DYNAMIC_NO_PIC = NO;
				GCC_NO_COMMON_BLOCKS = YES;
				GCC_OPTIMIZATION_LEVEL = 0;
				GCC_PREPROCESSOR_DEFINITIONS = (
					"DEBUG=1",
					"$(inherited)",
				);
				GCC_WARN_64_TO_32_BIT_CONVERSION = YES;
				GCC_WARN_ABOUT_RETURN_TYPE = YES_ERROR;
				GCC_WARN_UNDECLARED_SELECTOR = YES;
				GCC_WARN_UNINITIALIZED_AUTOS = YES_AGGRESSIVE;
				GCC_WARN_UNUSED_FUNCTION = YES;
				GCC_WARN_UNUSED_VARIABLE = YES;
				IPHONEOS_DEPLOYMENT_TARGET = 18.1;
				LOCALIZATION_PREFERS_STRING_CATALOGS = YES;
				MTL_ENABLE_DEBUG_INFO = INCLUDE_SOURCE;
				MTL_FAST_MATH = YES;
				ONLY_ACTIVE_ARCH = YES;
				SDKROOT = iphoneos;
				SWIFT_ACTIVE_COMPILATION_CONDITIONS = "DEBUG $(inherited)";
				SWIFT_OPTIMIZATION_LEVEL = "-Onone";
			};
			name = Debug;
		};
		AB4067E52F09272500A917A2 /* Release */ = {
			isa = XCBuildConfiguration;
			buildSettings = {
				ALWAYS_SEARCH_USER_PATHS = NO;
				ASSETCATALOG_COMPILER_GENERATE_SWIFT_ASSET_SYMBOL_EXTENSIONS = YES;
				CLANG_ANALYZER_NONNULL = YES;
				CLANG_ANALYZER_NUMBER_OBJECT_CONVERSION = YES_AGGRESSIVE;
				CLANG_CXX_LANGUAGE_STANDARD = "gnu++20";
				CLANG_ENABLE_MODULES = YES;
				CLANG_ENABLE_OBJC_ARC = YES;
				CLANG_ENABLE_OBJC_WEAK = YES;
				CLANG_WARN_BLOCK_CAPTURE_AUTORELEASING = YES;
				CLANG_WARN_BOOL_CONVERSION = YES;
				CLANG_WARN_COMMA = YES;
				CLANG_WARN_CONSTANT_CONVERSION = YES;
				CLANG_WARN_DEPRECATED_OBJC_IMPLEMENTATIONS = YES;
				CLANG_WARN_DIRECT_OBJC_ISA_USAGE = YES_ERROR;
				CLANG_WARN_DOCUMENTATION_COMMENTS = YES;
				CLANG_WARN_EMPTY_BODY = YES;
				CLANG_WARN_ENUM_CONVERSION = YES;
				CLANG_WARN_INFINITE_RECURSION = YES;
				CLANG_WARN_INT_CONVERSION = YES;
				CLANG_WARN_NON_LITERAL_NULL_CONVERSION = YES;
				CLANG_WARN_OBJC_IMPLICIT_RETAIN_SELF = YES;
				CLANG_WARN_OBJC_LITERAL_CONVERSION = YES;
				CLANG_WARN_OBJC_ROOT_CLASS = YES_ERROR;
				CLANG_WARN_QUOTED_INCLUDE_IN_FRAMEWORK_HEADER = YES;
				CLANG_WARN_RANGE_LOOP_ANALYSIS = YES;
				CLANG_WARN_STRICT_PROTOTYPES = YES;
				CLANG_WARN_SUSPICIOUS_MOVE = YES;
				CLANG_WARN_UNGUARDED_AVAILABILITY = YES_AGGRESSIVE;
				CLANG_WARN_UNREACHABLE_CODE = YES;
				CLANG_WARN__DUPLICATE_METHOD_MATCH = YES;
				COPY_PHASE_STRIP = NO;
				DEBUG_INFORMATION_FORMAT = "dwarf-with-dsym";
				ENABLE_NS_ASSERTIONS = NO;
				ENABLE_STRICT_OBJC_MSGSEND = YES;
				ENABLE_USER_SCRIPT_SANDBOXING = YES;
				GCC_C_LANGUAGE_STANDARD = gnu17;
				GCC_NO_COMMON_BLOCKS = YES;
				GCC_WARN_64_TO_32_BIT_CONVERSION = YES;
				GCC_WARN_ABOUT_RETURN_TYPE = YES_ERROR;
				GCC_WARN_UNDECLARED_SELECTOR = YES;
				GCC_WARN_UNINITIALIZED_AUTOS = YES_AGGRESSIVE;
				GCC_WARN_UNUSED_FUNCTION = YES;
				GCC_WARN_UNUSED_VARIABLE = YES;
				IPHONEOS_DEPLOYMENT_TARGET = 18.1;
				LOCALIZATION_PREFERS_STRING_CATALOGS = YES;
				MTL_ENABLE_DEBUG_INFO = NO;
				MTL_FAST_MATH = YES;
				SDKROOT = iphoneos;
				SWIFT_COMPILATION_MODE = wholemodule;
				VALIDATE_PRODUCT = YES;
			};
			name = Release;
		};
		AB4067E72F09272500A917A2 /* Debug */ = {
			isa = XCBuildConfiguration;
			buildSettings = {
				ASSETCATALOG_COMPILER_APPICON_NAME = AppIcon;
				ASSETCATALOG_COMPILER_GLOBAL_ACCENT_COLOR_NAME = AccentColor;
				ASSETCATALOG_COMPILER_INCLUDE_ALL_APPICON_ASSETS = NO;
				CODE_SIGN_STYLE = Automatic;
				CURRENT_PROJECT_VERSION = 1;
				DEVELOPMENT_ASSET_PATHS = "\"CyberdeckLogin/Preview Content\"";
				DEVELOPMENT_TEAM = ADHV5U8CDC;
				ENABLE_PREVIEWS = YES;
				GENERATE_INFOPLIST_FILE = YES;
				INFOPLIST_FILE = CyberdeckLogin/Info.plist;
				INFOPLIST_KEY_CFBundleDisplayName = Cyberdeck;
				INFOPLIST_KEY_LSApplicationCategoryType = "public.app-category.utilities";
				INFOPLIST_KEY_NSBluetoothAlwaysUsageDescription = "Cyberdeck Login uses Bluetooth to discover and authenticate with your devices.";
				INFOPLIST_KEY_NSBluetoothPeripheralUsageDescription = "Cyberdeck Login uses Bluetooth to register with your devices.";
				INFOPLIST_KEY_UIApplicationSceneManifest_Generation = YES;
				INFOPLIST_KEY_UIApplicationSupportsIndirectInputEvents = YES;
				INFOPLIST_KEY_UIRequiredDeviceCapabilities = "bluetooth-le";
				INFOPLIST_KEY_UIRequiresFullScreen = YES;
				INFOPLIST_KEY_UISupportedInterfaceOrientations = UIInterfaceOrientationPortrait;
				INFOPLIST_KEY_UISupportedInterfaceOrientations_iPad = "UIInterfaceOrientationLandscapeLeft UIInterfaceOrientationLandscapeRight UIInterfaceOrientationPortrait";
				LD_RUNPATH_SEARCH_PATHS = (
					"$(inherited)",
					"@executable_path/Frameworks",
				);
				MARKETING_VERSION = 1.0;
				PRODUCT_BUNDLE_IDENTIFIER = com.gouldtechconsulting.CyberdeckLogin;
				PRODUCT_NAME = "$(TARGET_NAME)";
				SWIFT_EMIT_LOC_STRINGS = YES;
				SWIFT_VERSION = 5.0;
				TARGETED_DEVICE_FAMILY = "1,2";
			};
			name = Debug;
		};
		AB4067E82F09272500A917A2 /* Release */ = {
			isa = XCBuildConfiguration;
			buildSettings = {
				ASSETCATALOG_COMPILER_APPICON_NAME = AppIcon;
				ASSETCATALOG_COMPILER_GLOBAL_ACCENT_COLOR_NAME = AccentColor;
				ASSETCATALOG_COMPILER_INCLUDE_ALL_APPICON_ASSETS = NO;
				CODE_SIGN_STYLE = Automatic;
				CURRENT_PROJECT_VERSION = 1;
				DEVELOPMENT_ASSET_PATHS = "\"CyberdeckLogin/Preview Content\"";
				DEVELOPMENT_TEAM = ADHV5U8CDC;
				ENABLE_PREVIEWS = YES;
				GENERATE_INFOPLIST_FILE = YES;
				INFOPLIST_FILE = CyberdeckLogin/Info.plist;
				INFOPLIST_KEY_CFBundleDisplayName = Cyberdeck;
				INFOPLIST_KEY_LSApplicationCategoryType = "public.app-category.utilities";
				INFOPLIST_KEY_NSBluetoothAlwaysUsageDescription = "Cyberdeck Login uses Bluetooth to discover and authenticate with your devices.";
				INFOPLIST_KEY_NSBluetoothPeripheralUsageDescription = "Cyberdeck Login uses Bluetooth to register with your devices.";
				INFOPLIST_KEY_UIApplicationSceneManifest_Generation = YES;
				INFOPLIST_KEY_UIApplicationSupportsIndirectInputEvents = YES;
				INFOPLIST_KEY_UIRequiredDeviceCapabilities = "bluetooth-le";
				INFOPLIST_KEY_UIRequiresFullScreen = YES;
				INFOPLIST_KEY_UISupportedInterfaceOrientations = UIInterfaceOrientationPortrait;
				INFOPLIST_KEY_UISupportedInterfaceOrientations_iPad = "UIInterfaceOrientationLandscapeLeft UIInterfaceOrientationLandscapeRight UIInterfaceOrientationPortrait";
				LD_RUNPATH_SEARCH_PATHS = (
					"$(inherited)",
					"@executable_path/Frameworks",
				);
				MARKETING_VERSION = 1.0;
				PRODUCT_BUNDLE_IDENTIFIER = com.gouldtechconsulting.CyberdeckLogin;
				PRODUCT_NAME = "$(TARGET_NAME)";
				SWIFT_EMIT_LOC_STRINGS = YES;
				SWIFT_VERSION = 5.0;
				TARGETED_DEVICE_FAMILY = "1,2";
			};
			name = Release;
		};
		AB4068222F09779C00A917A2 /* Debug */ = {
			isa = XCBuildConfiguration;
			buildSettings = {
				ASSETCATALOG_COMPILER_APPICON_NAME = AppIcon;
				ASSETCATALOG_COMPILER_GLOBAL_ACCENT_COLOR_NAME = AccentColor;
				CODE_SIGN_STYLE = Automatic;
				CURRENT_PROJECT_VERSION = 1;
				DEVELOPMENT_ASSET_PATHS = "\"CyberdeckLoginWatch Watch App/Preview Content\"";
				DEVELOPMENT_TEAM = ADHV5U8CDC;
				ENABLE_PREVIEWS = YES;
				GENERATE_INFOPLIST_FILE = YES;
				INFOPLIST_KEY_CFBundleDisplayName = Cyberdeck;
				INFOPLIST_KEY_UISupportedInterfaceOrientations = "UIInterfaceOrientationPortrait UIInterfaceOrientationPortraitUpsideDown";
				INFOPLIST_KEY_WKCompanionAppBundleIdentifier = com.gouldtechconsulting.CyberdeckLogin;
				LD_RUNPATH_SEARCH_PATHS = (
					"$(inherited)",
					"@executable_path/Frameworks",
				);
				MARKETING_VERSION = 1.0;
				PRODUCT_BUNDLE_IDENTIFIER = com.gouldtechconsulting.CyberdeckLogin.watchkitapp;
				PRODUCT_NAME = "$(TARGET_NAME)";
				SDKROOT = watchos;
				SKIP_INSTALL = YES;
				SWIFT_EMIT_LOC_STRINGS = YES;
				SWIFT_VERSION = 5.0;
				TARGETED_DEVICE_FAMILY = 4;
				WATCHOS_DEPLOYMENT_TARGET = 11.1;
			};
			name = Debug;
		};
		AB4068232F09779C00A917A2 /* Release */ = {
			isa = XCBuildConfiguration;
			buildSettings = {
				ASSETCATALOG_COMPILER_APPICON_NAME = AppIcon;
				ASSETCATALOG_COMPILER_GLOBAL_ACCENT_COLOR_NAME = AccentColor;
				CODE_SIGN_STYLE = Automatic;
				CURRENT_PROJECT_VERSION = 1;
				DEVELOPMENT_ASSET_PATHS = "\"CyberdeckLoginWatch Watch App/Preview Content\"";
				DEVELOPMENT_TEAM = ADHV5U8CDC;
				ENABLE_PREVIEWS = YES;
				GENERATE_INFOPLIST_FILE = YES;
				INFOPLIST_KEY_CFBundleDisplayName = Cyberdeck;
				INFOPLIST_KEY_UISupportedInterfaceOrientations = "UIInterfaceOrientationPortrait UIInterfaceOrientationPortraitUpsideDown";
				INFOPLIST_KEY_WKCompanionAppBundleIdentifier = com.gouldtechconsulting.CyberdeckLogin;
				LD_RUNPATH_SEARCH_PATHS = (
					"$(inherited)",
					"@executable_path/Frameworks",
				);
				MARKETING_VERSION = 1.0;
				PRODUCT_BUNDLE_IDENTIFIER = com.gouldtechconsulting.CyberdeckLogin.watchkitapp;
				PRODUCT_NAME = "$(TARGET_NAME)";
				SDKROOT = watchos;
				SKIP_INSTALL = YES;
				SWIFT_EMIT_LOC_STRINGS = YES;
				SWIFT_VERSION = 5.0;
				TARGETED_DEVICE_FAMILY = 4;
				WATCHOS_DEPLOYMENT_TARGET = 11.1;
			};
			name = Release;
		};
/* End XCBuildConfiguration section */

/* Begin XCConfigurationList section */
		AB4067D32F09272400A917A2 /* Build configuration list for PBXProject "CyberdeckLogin" */ = {
			isa = XCConfigurationList;
			buildConfigurations = (
				AB4067E42F09272500A917A2 /* Debug */,
				AB4067E52F09272500A917A2 /* Release */,
			);
			defaultConfigurationIsVisible = 0;
			defaultConfigurationName = Release;
		};
		AB4067E62F09272500A917A2 /* Build configuration list for PBXNativeTarget "CyberdeckLogin" */ = {
			isa = XCConfigurationList;
			buildConfigurations = (
				AB4067E72F09272500A917A2 /* Debug */,
				AB4067E82F09272500A917A2 /* Release */,
			);
			defaultConfigurationIsVisible = 0;
			defaultConfigurationName = Release;
		};
		AB4068212F09779C00A917A2 /* Build configuration list for PBXNativeTarget "CyberdeckLoginWatch Watch App" */ = {
			isa = XCConfigurationList;
			buildConfigurations = (
				AB4068222F09779C00A917A2 /* Debug */,
				AB4068232F09779C00A917A2 /* Release */,
			);
			defaultConfigurationIsVisible = 0;
			defaultConfigurationName = Release;
		};
/* End XCConfigurationList section */
	};
	rootObject = AB4067D02F09272400A917A2 /* Project object */;
}
